
Microsoft Visual Studio Solution File, Format Version 12.00
# Visual Studio 2013
VisualStudioVersion = 12.0.31101.0
MinimumVisualStudioVersion = 10.0.40219.1
Project("{FAE04EC0-301F-11D3-BF4B-00C04F79EFBC}") = "Xakpc.Tjournal.Api", "Xakpc.Tjournal.Api\Xakpc.Tjournal.Api.csproj", "{0ADC6F0D-382B-4F0C-990D-99C0F2E97A28}"
EndProject
Project("{FAE04EC0-301F-11D3-BF4B-00C04F79EFBC}") = "Xakpc.Tjournal.Api.Tests", "Xakpc.Tjournal.Api.Tests\Xakpc.Tjournal.Api.Tests.csproj", "{D7F54B1B-E487-4E02-87B7-69827F3C6C8C}"
EndProject
Global
	GlobalSection(SolutionConfigurationPlatforms) = preSolution
		Debug|Any CPU = Debug|Any CPU
		Release|Any CPU = Release|Any CPU
	EndGlobalSection
	GlobalSection(ProjectConfigurationPlatforms) = postSolution
		{0ADC6F0D-382B-4F0C-990D-99C0F2E97A28}.Debug|Any CPU.ActiveCfg = Debug|Any CPU
		{0ADC6F0D-382B-4F0C-990D-99C0F2E97A28}.Debug|Any CPU.Build.0 = Debug|Any CPU
		{0ADC6F0D-382B-4F0C-990D-99C0F2E97A28}.Release|Any CPU.ActiveCfg = Release|Any CPU
		{0ADC6F0D-382B-4F0C-990D-99C0F2E97A28}.Release|Any CPU.Build.0 = Release|Any CPU
		{D7F54B1B-E487-4E02-87B7-69827F3C6C8C}.Debug|Any CPU.ActiveCfg = Debug|Any CPU
		{D7F54B1B-E487-4E02-87B7-69827F3C6C8C}.Debug|Any CPU.Build.0 = Debug|Any CPU
		{D7F54B1B-E487-4E02-87B7-69827F3C6C8C}.Release|Any CPU.ActiveCfg = Release|Any CPU
		{D7F54B1B-E487-4E02-87B7-69827F3C6C8C}.Release|Any CPU.Build.0 = Release|Any CPU
	EndGlobalSection
	GlobalSection(SolutionProperties) = preSolution
		HideSolutionNode = FALSE
	EndGlobalSection
EndGlobal
